# THIS IS AN AUTOGENERATED FILE. DO NOT EDIT THIS FILE DIRECTLY.
# yarn lockfile v1


"@types/jest@^23.3.12":
  version "23.3.12"
  resolved "https://registry.yarnpkg.com/@types/jest/-/jest-23.3.12.tgz#7e0ced251fa94c3bc2d1023d4b84b2992fa06376"
  integrity sha512-/kQvbVzdEpOq4tEWT79yAHSM4nH4xMlhJv2GrLVQt4Qmo8yYsPdioBM1QpN/2GX1wkfMnyXvdoftvLUr0LBj7Q==

"@types/node@^10.12.18":
  version "10.12.18"
  resolved "https://registry.yarnpkg.com/@types/node/-/node-10.12.18.tgz#1d3ca764718915584fcd9f6344621b7672665c67"
  integrity sha512-fh+pAqt4xRzPfqA6eh3Z2y6fyZavRIumvjhaCL753+TVkGKGhpPeyrJG2JftD0T9q4GF00KjefsQ+PQNDdWQaQ==

immer@^1.10.0:
  version "1.10.0"
  resolved "https://registry.yarnpkg.com/immer/-/immer-1.10.0.tgz#bad67605ba9c810275d91e1c2a47d4582e98286d"
  integrity sha512-O3sR1/opvCDGLEVcvrGTMtLac8GJ5IwZC4puPrLuRj3l7ICKvkmA0vGuU9OW8mV9WIBRnaxp5GJh9IEAaNOoYg==

lodash.clone@^4.5.0:
  version "4.5.0"
  resolved "https://registry.yarnpkg.com/lodash.clone/-/lodash.clone-4.5.0.tgz#195870450f5a13192478df4bc3d23d2dea1907b6"
  integrity sha1-GVhwRQ9aExkkeN9Lw9I9LeoZB7Y=

typescript@^3.2.2:
  version "3.2.2"
  resolved "https://registry.yarnpkg.com/typescript/-/typescript-3.2.2.tgz#fe8101c46aa123f8353523ebdcf5730c2ae493e5"
  integrity sha512-VCj5UiSyHBjwfYacmDuc/NOk4QQixbE+Wn7MFJuS0nRuPQbof132Pw4u53dm264O8LPc2MVsc7RJNml5szurkg==
